// !$*UTF8*$!
{
	archiveVersion = 1;
	classes = {
	};
	objectVersion = 55;
	objects = {

/* Begin PBXBuildFile section */
		1239396E27B7F22800A4D97D /* GameSession.swift in Sources */ = {isa = PBXBuildFile; fileRef = 1239396D27B7F22800A4D97D /* GameSession.swift */; };
		1239397027B7F4DE00A4D97D /* ResultsTableViewController.swift in Sources */ = {isa = PBXBuildFile; fileRef = 1239396F27B7F4DE00A4D97D /* ResultsTableViewController.swift */; };
		1249D79527B4076A003E6D93 /* AppDelegate.swift in Sources */ = {isa = PBXBuildFile; fileRef = 1249D79427B4076A003E6D93 /* AppDelegate.swift */; };
		1249D79727B4076A003E6D93 /* SceneDelegate.swift in Sources */ = {isa = PBXBuildFile; fileRef = 1249D79627B4076A003E6D93 /* SceneDelegate.swift */; };
		1249D79927B4076A003E6D93 /* ViewController.swift in Sources */ = {isa = PBXBuildFile; fileRef = 1249D79827B4076A003E6D93 /* ViewController.swift */; };
		1249D79C27B4076A003E6D93 /* Main.storyboard in Resources */ = {isa = PBXBuildFile; fileRef = 1249D79A27B4076A003E6D93 /* Main.storyboard */; };
		1249D79F27B4076A003E6D93 /* Whowantstobeamillioner.xcdatamodeld in Sources */ = {isa = PBXBuildFile; fileRef = 1249D79D27B4076A003E6D93 /* Whowantstobeamillioner.xcdatamodeld */; };
		1249D7A127B4076D003E6D93 /* Assets.xcassets in Resources */ = {isa = PBXBuildFile; fileRef = 1249D7A027B4076D003E6D93 /* Assets.xcassets */; };
		1249D7A427B4076D003E6D93 /* LaunchScreen.storyboard in Resources */ = {isa = PBXBuildFile; fileRef = 1249D7A227B4076D003E6D93 /* LaunchScreen.storyboard */; };
/* End PBXBuildFile section */

/* Begin PBXFileReference section */
		1239396D27B7F22800A4D97D /* GameSession.swift */ = {isa = PBXFileReference; lastKnownFileType = sourcecode.swift; path = GameSession.swift; sourceTree = "<group>"; };
		1239396F27B7F4DE00A4D97D /* ResultsTableViewController.swift */ = {isa = PBXFileReference; lastKnownFileType = sourcecode.swift; path = ResultsTableViewController.swift; sourceTree = "<group>"; };
		1249D79127B4076A003E6D93 /* Whowantstobeamillioner.app */ = {isa = PBXFileReference; explicitFileType = wrapper.application; includeInIndex = 0; path = Whowantstobeamillioner.app; sourceTree = BUILT_PRODUCTS_DIR; };
		1249D79427B4076A003E6D93 /* AppDelegate.swift */ = {isa = PBXFileReference; lastKnownFileType = sourcecode.swift; path = AppDelegate.swift; sourceTree = "<group>"; };
		1249D79627B4076A003E6D93 /* SceneDelegate.swift */ = {isa = PBXFileReference; lastKnownFileType = sourcecode.swift; path = SceneDelegate.swift; sourceTree = "<group>"; };
		1249D79827B4076A003E6D93 /* ViewController.swift */ = {isa = PBXFileReference; lastKnownFileType = sourcecode.swift; path = ViewController.swift; sourceTree = "<group>"; };
		1249D79B27B4076A003E6D93 /* Base */ = {isa = PBXFileReference; lastKnownFileType = file.storyboard; name = Base; path = Base.lproj/Main.storyboard; sourceTree = "<group>"; };
		1249D79E27B4076A003E6D93 /* Whowantstobeamillioner.xcdatamodel */ = {isa = PBXFileReference; lastKnownFileType = wrapper.xcdatamodel; path = Whowantstobeamillioner.xcdatamodel; sourceTree = "<group>"; };
		1249D7A027B4076D003E6D93 /* Assets.xcassets */ = {isa = PBXFileReference; lastKnownFileType = folder.assetcatalog; path = Assets.xcassets; sourceTree = "<group>"; };
		1249D7A327B4076D003E6D93 /* Base */ = {isa = PBXFileReference; lastKnownFileType = file.storyboard; name = Base; path = Base.lproj/LaunchScreen.storyboard; sourceTree = "<group>"; };
		1249D7A527B4076D003E6D93 /* Info.plist */ = {isa = PBXFileReference; lastKnownFileType = text.plist.xml; path = Info.plist; sourceTree = "<group>"; };
/* End PBXFileReference section */

/* Begin PBXFrameworksBuildPhase section */
		1249D78E27B4076A003E6D93 /* Frameworks */ = {
			isa = PBXFrameworksBuildPhase;
			buildActionMask = 2147483647;
			files = (
			);
			runOnlyForDeploymentPostprocessing = 0;
		};
/* End PBXFrameworksBuildPhase section */

/* Begin PBXGroup section */
		1249D78827B4076A003E6D93 = {
			isa = PBXGroup;
			children = (
				1249D79327B4076A003E6D93 /* Whowantstobeamillioner */,
				1249D79227B4076A003E6D93 /* Products */,
			);
			sourceTree = "<group>";
		};
		1249D79227B4076A003E6D93 /* Products */ = {
			isa = PBXGroup;
			children = (
				1249D79127B4076A003E6D93 /* Whowantstobeamillioner.app */,
			);
			name = Products;
			sourceTree = "<group>";
		};
		1249D79327B4076A003E6D93 /* Whowantstobeamillioner */ = {
			isa = PBXGroup;
			children = (
				1249D79427B4076A003E6D93 /* AppDelegate.swift */,
				1249D79627B4076A003E6D93 /* SceneDelegate.swift */,
				1249D79827B4076A003E6D93 /* ViewController.swift */,
				1239396D27B7F22800A4D97D /* GameSession.swift */,
				1239396F27B7F4DE00A4D97D /* ResultsTableViewController.swift */,
				1249D79A27B4076A003E6D93 /* Main.storyboard */,
				1249D7A027B4076D003E6D93 /* Assets.xcassets */,
				1249D7A227B4076D003E6D93 /* LaunchScreen.storyboard */,
				1249D7A527B4076D003E6D93 /* Info.plist */,
				1249D79D27B4076A003E6D93 /* Whowantstobeamillioner.xcdatamodeld */,
			);
			path = Whowantstobeamillioner;
			sourceTree = "<group>";
		};
/* End PBXGroup section */

/* Begin PBXNativeTarget section */
		1249D79027B4076A003E6D93 /* Whowantstobeamillioner */ = {
			isa = PBXNativeTarget;
			buildConfigurationList = 1249D7A827B4076D003E6D93 /* Build configuration list for PBXNativeTarget "Whowantstobeamillioner" */;
			buildPhases = (
				1249D78D27B4076A003E6D93 /* Sources */,
				1249D78E27B4076A003E6D93 /* Frameworks */,
				1249D78F27B4076A003E6D93 /* Resources */,
			);
			buildRules = (
			);
			dependencies = (
			);
			name = Whowantstobeamillioner;
			productName = Whowantstobeamillioner;
			productReference = 1249D79127B4076A003E6D93 /* Whowantstobeamillioner.app */;
			productType = "com.apple.product-type.application";
		};
/* End PBXNativeTarget section */

/* Begin PBXProject section */
		1249D78927B4076A003E6D93 /* Project object */ = {
			isa = PBXProject;
			attributes = {
				BuildIndependentTargetsInParallel = 1;
				LastSwiftUpdateCheck = 1320;
				LastUpgradeCheck = 1320;
				TargetAttributes = {
					1249D79027B4076A003E6D93 = {
						CreatedOnToolsVersion = 13.2.1;
					};
				};
			};
			buildConfigurationList = 1249D78C27B4076A003E6D93 /* Build configuration list for PBXProject "Whowantstobeamillioner" */;
			compatibilityVersion = "Xcode 13.0";
			developmentRegion = en;
			hasScannedForEncodings = 0;
			knownRegions = (
				en,
				Base,
			);
			mainGroup = 1249D78827B4076A003E6D93;
			productRefGroup = 1249D79227B4076A003E6D93 /* Products */;
			projectDirPath = "";
			projectRoot = "";
			targets = (
				1249D79027B4076A003E6D93 /* Whowantstobeamillioner */,
			);
		};
/* End PBXProject section */

/* Begin PBXResourcesBuildPhase section */
		1249D78F27B4076A003E6D93 /* Resources */ = {
			isa = PBXResourcesBuildPhase;
			buildActionMask = 2147483647;
			files = (
				1249D7A427B4076D003E6D93 /* LaunchScreen.storyboard in Resources */,
				1249D7A127B4076D003E6D93 /* Assets.xcassets in Resources */,
				1249D79C27B4076A003E6D93 /* Main.storyboard in Resources */,
			);
			runOnlyForDeploymentPostprocessing = 0;
		};
/* End PBXResourcesBuildPhase section */

/* Begin PBXSourcesBuildPhase section */
		1249D78D27B4076A003E6D93 /* Sources */ = {
			isa = PBXSourcesBuildPhase;
			buildActionMask = 2147483647;
			files = (
				1239397027B7F4DE00A4D97D /* ResultsTableViewController.swift in Sources */,
				1249D79F27B4076A003E6D93 /* Whowantstobeamillioner.xcdatamodeld in Sources */,
				1249D79927B4076A003E6D93 /* ViewController.swift in Sources */,
				1239396E27B7F22800A4D97D /* GameSession.swift in Sources */,
				1249D79527B4076A003E6D93 /* AppDelegate.swift in Sources */,
				1249D79727B4076A003E6D93 /* SceneDelegate.swift in Sources */,
			);
			runOnlyForDeploymentPostprocessing = 0;
		};
/* End PBXSourcesBuildPhase section */

/* Begin PBXVariantGroup section */
		1249D79A27B4076A003E6D93 /* Main.storyboard */ = {
			isa = PBXVariantGroup;
			children = (
				1249D79B27B4076A003E6D93 /* Base */,
			);
			name = Main.storyboard;
			sourceTree = "<group>";
		};
		1249D7A227B4076D003E6D93 /* LaunchScreen.storyboard */ = {
			isa = PBXVariantGroup;
			children = (
				1249D7A327B4076D003E6D93 /* Base */,
			);
			name = LaunchScreen.storyboard;
			sourceTree = "<group>";
		};
/* End PBXVariantGroup section */

/* Begin XCBuildConfiguration section */
		1249D7A627B4076D003E6D93 /* Debug */ = {
			isa = XCBuildConfiguration;
			buildSettings = {
				ALWAYS_SEARCH_USER_PATHS = NO;
				CLANG_ANALYZER_NONNULL = YES;
				CLANG_ANALYZER_NUMBER_OBJECT_CONVERSION = YES_AGGRESSIVE;
				CLANG_CXX_LANGUAGE_STANDARD = "gnu++17";
				CLANG_CXX_LIBRARY = "libc++";
				CLANG_ENABLE_MODULES = YES;
				CLANG_ENABLE_OBJC_ARC = YES;
				CLANG_ENABLE_OBJC_WEAK = YES;
				CLANG_WARN_BLOCK_CAPTURE_AUTORELEASING = YES;
				CLANG_WARN_BOOL_CONVERSION = YES;
				CLANG_WARN_COMMA = YES;
				CLANG_WARN_CONSTANT_CONVERSION = YES;
				CLANG_WARN_DEPRECATED_OBJC_IMPLEMENTATIONS = YES;
				CLANG_WARN_DIRECT_OBJC_ISA_USAGE = YES_ERROR;
				CLANG_WARN_DOCUMENTATION_COMMENTS = YES;
				CLANG_WARN_EMPTY_BODY = YES;
				CLANG_WARN_ENUM_CONVERSION = YES;
				CLANG_WARN_INFINITE_RECURSION = YES;
				CLANG_WARN_INT_CONVERSION = YES;
				CLANG_WARN_NON_LITERAL_NULL_CONVERSION = YES;
				CLANG_WARN_OBJC_IMPLICIT_RETAIN_SELF = YES;
				CLANG_WARN_OBJC_LITERAL_CONVERSION = YES;
				CLANG_WARN_OBJC_ROOT_CLASS = YES_ERROR;
				CLANG_WARN_QUOTED_INCLUDE_IN_FRAMEWORK_HEADER = YES;
				CLANG_WARN_RANGE_LOOP_ANALYSIS = YES;
				CLANG_WARN_STRICT_PROTOTYPES = YES;
				CLANG_WARN_SUSPICIOUS_MOVE = YES;
				CLANG_WARN_UNGUARDED_AVAILABILITY = YES_AGGRESSIVE;
				CLANG_WARN_UNREACHABLE_CODE = YES;
				CLANG_WARN__DUPLICATE_METHOD_MATCH = YES;
				COPY_PHASE_STRIP = NO;
				DEBUG_INFORMATION_FORMAT = dwarf;
				ENABLE_STRICT_OBJC_MSGSEND = YES;
				ENABLE_TESTABILITY = YES;
				GCC_C_LANGUAGE_STANDARD = gnu11;
				GCC_DYNAMIC_NO_PIC = NO;
				GCC_NO_COMMON_BLOCKS = YES;
				GCC_OPTIMIZATION_LEVEL = 0;
				GCC_PREPROCESSOR_DEFINITIONS = (
					"DEBUG=1",
					"$(inherited)",
				);
				GCC_WARN_64_TO_32_BIT_CONVERSION = YES;
				GCC_WARN_ABOUT_RETURN_TYPE = YES_ERROR;
				GCC_WARN_UNDECLARED_SELECTOR = YES;
				GCC_WARN_UNINITIALIZED_AUTOS = YES_AGGRESSIVE;
				GCC_WARN_UNUSED_FUNCTION = YES;
				GCC_WARN_UNUSED_VARIABLE = YES;
				IPHONEOS_DEPLOYMENT_TARGET = 15.2;
				MTL_ENABLE_DEBUG_INFO = INCLUDE_SOURCE;
				MTL_FAST_MATH = YES;
				ONLY_ACTIVE_ARCH = YES;
				SDKROOT = iphoneos;
				SWIFT_ACTIVE_COMPILATION_CONDITIONS = DEBUG;
				SWIFT_OPTIMIZATION_LEVEL = "-Onone";
			};
			name = Debug;
		};
		1249D7A727B4076D003E6D93 /* Release */ = {
			isa = XCBuildConfiguration;
			buildSettings = {
				ALWAYS_SEARCH_USER_PATHS = NO;
				CLANG_ANALYZER_NONNULL = YES;
				CLANG_ANALYZER_NUMBER_OBJECT_CONVERSION = YES_AGGRESSIVE;
				CLANG_CXX_LANGUAGE_STANDARD = "gnu++17";
				CLANG_CXX_LIBRARY = "libc++";
				CLANG_ENABLE_MODULES = YES;
				CLANG_ENABLE_OBJC_ARC = YES;
				CLANG_ENABLE_OBJC_WEAK = YES;
				CLANG_WARN_BLOCK_CAPTURE_AUTORELEASING = YES;
				CLANG_WARN_BOOL_CONVERSION = YES;
				CLANG_WARN_COMMA = YES;
				CLANG_WARN_CONSTANT_CONVERSION = YES;
				CLANG_WARN_DEPRECATED_OBJC_IMPLEMENTATIONS = YES;
				CLANG_WARN_DIRECT_OBJC_ISA_USAGE = YES_ERROR;
				CLANG_WARN_DOCUMENTATION_COMMENTS = YES;
				CLANG_WARN_EMPTY_BODY = YES;
				CLANG_WARN_ENUM_CONVERSION = YES;
				CLANG_WARN_INFINITE_RECURSION = YES;
				CLANG_WARN_INT_CONVERSION = YES;
				CLANG_WARN_NON_LITERAL_NULL_CONVERSION = YES;
				CLANG_WARN_OBJC_IMPLICIT_RETAIN_SELF = YES;
				CLANG_WARN_OBJC_LITERAL_CONVERSION = YES;
				CLANG_WARN_OBJC_ROOT_CLASS = YES_ERROR;
				CLANG_WARN_QUOTED_INCLUDE_IN_FRAMEWORK_HEADER = YES;
				CLANG_WARN_RANGE_LOOP_ANALYSIS = YES;
				CLANG_WARN_STRICT_PROTOTYPES = YES;
				CLANG_WARN_SUSPICIOUS_MOVE = YES;
				CLANG_WARN_UNGUARDED_AVAILABILITY = YES_AGGRESSIVE;
				CLANG_WARN_UNREACHABLE_CODE = YES;
				CLANG_WARN__DUPLICATE_METHOD_MATCH = YES;
				COPY_PHASE_STRIP = NO;
				DEBUG_INFORMATION_FORMAT = "dwarf-with-dsym";
				ENABLE_NS_ASSERTIONS = NO;
				ENABLE_STRICT_OBJC_MSGSEND = YES;
				GCC_C_LANGUAGE_STANDARD = gnu11;
				GCC_NO_COMMON_BLOCKS = YES;
				GCC_WARN_64_TO_32_BIT_CONVERSION = YES;
				GCC_WARN_ABOUT_RETURN_TYPE = YES_ERROR;
				GCC_WARN_UNDECLARED_SELECTOR = YES;
				GCC_WARN_UNINITIALIZED_AUTOS = YES_AGGRESSIVE;
				GCC_WARN_UNUSED_FUNCTION = YES;
				GCC_WARN_UNUSED_VARIABLE = YES;
				IPHONEOS_DEPLOYMENT_TARGET = 15.2;
				MTL_ENABLE_DEBUG_INFO = NO;
				MTL_FAST_MATH = YES;
				SDKROOT = iphoneos;
				SWIFT_COMPILATION_MODE = wholemodule;
				SWIFT_OPTIMIZATION_LEVEL = "-O";
				VALIDATE_PRODUCT = YES;
			};
			name = Release;
		};
		1249D7A927B4076D003E6D93 /* Debug */ = {
			isa = XCBuildConfiguration;
			buildSettings = {
				ASSETCATALOG_COMPILER_APPICON_NAME = AppIcon;
				ASSETCATALOG_COMPILER_GLOBAL_ACCENT_COLOR_NAME = AccentColor;
				CODE_SIGN_STYLE = Automatic;
				CURRENT_PROJECT_VERSION = 1;
				GENERATE_INFOPLIST_FILE = YES;
				INFOPLIST_FILE = Whowantstobeamillioner/Info.plist;
				INFOPLIST_KEY_UIApplicationSupportsIndirectInputEvents = YES;
				INFOPLIST_KEY_UILaunchStoryboardName = LaunchScreen;
				INFOPLIST_KEY_UIMainStoryboardFile = Main;
				INFOPLIST_KEY_UISupportedInterfaceOrientations_iPad = "UIInterfaceOrientationPortrait UIInterfaceOrientationPortraitUpsideDown UIInterfaceOrientationLandscapeLeft UIInterfaceOrientationLandscapeRight";
				INFOPLIST_KEY_UISupportedInterfaceOrientations_iPhone = "UIInterfaceOrientationPortrait UIInterfaceOrientationLandscapeLeft UIInterfaceOrientationLandscapeRight";
				LD_RUNPATH_SEARCH_PATHS = (
					"$(inherited)",
					"@executable_path/Frameworks",
				);
				MARKETING_VERSION = 1.0;
				PRODUCT_BUNDLE_IDENTIFIER = Job.Whowantstobeamillioner;
				PRODUCT_NAME = "$(TARGET_NAME)";
				SWIFT_EMIT_LOC_STRINGS = YES;
				SWIFT_VERSION = 5.0;
				TARGETED_DEVICE_FAMILY = "1,2";
			};
			name = Debug;
		};
		1249D7AA27B4076D003E6D93 /* Release */ = {
			isa = XCBuildConfiguration;
			buildSettings = {
				ASSETCATALOG_COMPILER_APPICON_NAME = AppIcon;
				ASSETCATALOG_COMPILER_GLOBAL_ACCENT_COLOR_NAME = AccentColor;
				CODE_SIGN_STYLE = Automatic;
				CURRENT_PROJECT_VERSION = 1;
				GENERATE_INFOPLIST_FILE = YES;
				INFOPLIST_FILE = Whowantstobeamillioner/Info.plist;
				INFOPLIST_KEY_UIApplicationSupportsIndirectInputEvents = YES;
				INFOPLIST_KEY_UILaunchStoryboardName = LaunchScreen;
				INFOPLIST_KEY_UIMainStoryboardFile = Main;
				INFOPLIST_KEY_UISupportedInterfaceOrientations_iPad = "UIInterfaceOrientationPortrait UIInterfaceOrientationPortraitUpsideDown UIInterfaceOrientationLandscapeLeft UIInterfaceOrientationLandscapeRight";
				INFOPLIST_KEY_UISupportedInterfaceOrientations_iPhone = "UIInterfaceOrientationPortrait UIInterfaceOrientationLandscapeLeft UIInterfaceOrientationLandscapeRight";
				LD_RUNPATH_SEARCH_PATHS = (
					"$(inherited)",
					"@executable_path/Frameworks",
				);
				MARKETING_VERSION = 1.0;
				PRODUCT_BUNDLE_IDENTIFIER = Job.Whowantstobeamillioner;
				PRODUCT_NAME = "$(TARGET_NAME)";
				SWIFT_EMIT_LOC_STRINGS = YES;
				SWIFT_VERSION = 5.0;
				TARGETED_DEVICE_FAMILY = "1,2";
			};
			name = Release;
		};
/* End XCBuildConfiguration section */

/* Begin XCConfigurationList section */
		1249D78C27B4076A003E6D93 /* Build configuration list for PBXProject "Whowantstobeamillioner" */ = {
			isa = XCConfigurationList;
			buildConfigurations = (
				1249D7A627B4076D003E6D93 /* Debug */,
				1249D7A727B4076D003E6D93 /* Release */,
			);
			defaultConfigurationIsVisible = 0;
			defaultConfigurationName = Release;
		};
		1249D7A827B4076D003E6D93 /* Build configuration list for PBXNativeTarget "Whowantstobeamillioner" */ = {
			isa = XCConfigurationList;
			buildConfigurations = (
				1249D7A927B4076D003E6D93 /* Debug */,
				1249D7AA27B4076D003E6D93 /* Release */,
			);
			defaultConfigurationIsVisible = 0;
			defaultConfigurationName = Release;
		};
/* End XCConfigurationList section */

/* Begin XCVersionGroup section */
		1249D79D27B4076A003E6D93 /* Whowantstobeamillioner.xcdatamodeld */ = {
			isa = XCVersionGroup;
			children = (
				1249D79E27B4076A003E6D93 /* Whowantstobeamillioner.xcdatamodel */,
			);
			currentVersion = 1249D79E27B4076A003E6D93 /* Whowantstobeamillioner.xcdatamodel */;
			path = Whowantstobeamillioner.xcdatamodeld;
			sourceTree = "<group>";
			versionGroupType = wrapper.xcdatamodel;
		};
/* End XCVersionGroup section */
	};
	rootObject = 1249D78927B4076A003E6D93 /* Project object */;
}
